
Microsoft Visual Studio Solution File, Format Version 12.00
# Visual Studio Version 17
VisualStudioVersion = 17.4.33205.214
MinimumVisualStudioVersion = 10.0.40219.1
Project("{FAE04EC0-301F-11D3-BF4B-00C04F79EFBC}") = "BackendApi", "BackendApi\BackendApi.csproj", "{454A9AF4-69E2-48D6-9F0E-A1051F4ECDDD}"
EndProject
Project("{9A19103F-16F7-4668-BE54-9A1E7A4F7556}") = "demo_blazor_app", "..\demo_blazor_app\demo_blazor_app.csproj", "{91258C93-154A-475C-8900-6A510A0AF3FF}"
EndProject
Global
	GlobalSection(SolutionConfigurationPlatforms) = preSolution
		Debug|Any CPU = Debug|Any CPU
		Release|Any CPU = Release|Any CPU
	EndGlobalSection
	GlobalSection(ProjectConfigurationPlatforms) = postSolution
		{454A9AF4-69E2-48D6-9F0E-A1051F4ECDDD}.Debug|Any CPU.ActiveCfg = Debug|Any CPU
		{454A9AF4-69E2-48D6-9F0E-A1051F4ECDDD}.Debug|Any CPU.Build.0 = Debug|Any CPU
		{454A9AF4-69E2-48D6-9F0E-A1051F4ECDDD}.Release|Any CPU.ActiveCfg = Release|Any CPU
		{454A9AF4-69E2-48D6-9F0E-A1051F4ECDDD}.Release|Any CPU.Build.0 = Release|Any CPU
		{91258C93-154A-475C-8900-6A510A0AF3FF}.Debug|Any CPU.ActiveCfg = Debug|Any CPU
		{91258C93-154A-475C-8900-6A510A0AF3FF}.Debug|Any CPU.Build.0 = Debug|Any CPU
		{91258C93-154A-475C-8900-6A510A0AF3FF}.Release|Any CPU.ActiveCfg = Release|Any CPU
		{91258C93-154A-475C-8900-6A510A0AF3FF}.Release|Any CPU.Build.0 = Release|Any CPU
	EndGlobalSection
	GlobalSection(SolutionProperties) = preSolution
		HideSolutionNode = FALSE
	EndGlobalSection
	GlobalSection(ExtensibilityGlobals) = postSolution
		SolutionGuid = {8E22A067-CD6B-489E-9C58-7873532BC05D}
	EndGlobalSection
EndGlobal
